
Microsoft Visual Studio Solution File, Format Version 12.00
# Visual Studio Version 17
VisualStudioVersion = 17.8.34330.188
MinimumVisualStudioVersion = 10.0.40219.1
Project("{FAE04EC0-301F-11D3-BF4B-00C04F79EFBC}") = "Geoservice", "Geoservice.csproj", "{996F822F-190A-4E6F-99FA-084DBA347373}"
EndProject
Global
	GlobalSection(SolutionConfigurationPlatforms) = preSolution
		Debug|Any CPU = Debug|Any CPU
		Release|Any CPU = Release|Any CPU
	EndGlobalSection
	GlobalSection(ProjectConfigurationPlatforms) = postSolution
		{996F822F-190A-4E6F-99FA-084DBA347373}.Debug|Any CPU.ActiveCfg = Debug|Any CPU
		{996F822F-190A-4E6F-99FA-084DBA347373}.Debug|Any CPU.Build.0 = Debug|Any CPU
		{996F822F-190A-4E6F-99FA-084DBA347373}.Release|Any CPU.ActiveCfg = Release|Any CPU
		{996F822F-190A-4E6F-99FA-084DBA347373}.Release|Any CPU.Build.0 = Release|Any CPU
	EndGlobalSection
	GlobalSection(SolutionProperties) = preSolution
		HideSolutionNode = FALSE
	EndGlobalSection
	GlobalSection(ExtensibilityGlobals) = postSolution
		SolutionGuid = {CBE8D9E1-6C7B-4728-B8D0-CDF52EC58FA1}
	EndGlobalSection
EndGlobal
